
Microsoft Visual Studio Solution File, Format Version 12.00
# Visual Studio Version 17
VisualStudioVersion = 17.7.34009.444
MinimumVisualStudioVersion = 10.0.40219.1
Project("{8BC9CEB8-8B4A-11D0-8D11-00A0C91BC942}") = "Rule of three", "Rule of three.vcxproj", "{310B9B09-FF5D-4AD8-8F91-15B545A13694}"
EndProject
Global
	GlobalSection(SolutionConfigurationPlatforms) = preSolution
		Debug|x64 = Debug|x64
		Debug|x86 = Debug|x86
		Release|x64 = Release|x64
		Release|x86 = Release|x86
	EndGlobalSection
	GlobalSection(ProjectConfigurationPlatforms) = postSolution
		{310B9B09-FF5D-4AD8-8F91-15B545A13694}.Debug|x64.ActiveCfg = Debug|x64
		{310B9B09-FF5D-4AD8-8F91-15B545A13694}.Debug|x64.Build.0 = Debug|x64
		{310B9B09-FF5D-4AD8-8F91-15B545A13694}.Debug|x86.ActiveCfg = Debug|Win32
		{310B9B09-FF5D-4AD8-8F91-15B545A13694}.Debug|x86.Build.0 = Debug|Win32
		{310B9B09-FF5D-4AD8-8F91-15B545A13694}.Release|x64.ActiveCfg = Release|x64
		{310B9B09-FF5D-4AD8-8F91-15B545A13694}.Release|x64.Build.0 = Release|x64
		{310B9B09-FF5D-4AD8-8F91-15B545A13694}.Release|x86.ActiveCfg = Release|Win32
		{310B9B09-FF5D-4AD8-8F91-15B545A13694}.Release|x86.Build.0 = Release|Win32
	EndGlobalSection
	GlobalSection(SolutionProperties) = preSolution
		HideSolutionNode = FALSE
	EndGlobalSection
	GlobalSection(ExtensibilityGlobals) = postSolution
		SolutionGuid = {6BF2A933-0426-48F2-8D16-A67D1DC958CF}
	EndGlobalSection
EndGlobal
