
Microsoft Visual Studio Solution File, Format Version 12.00
# Visual Studio Version 17
VisualStudioVersion = 17.7.34031.279
MinimumVisualStudioVersion = 10.0.40219.1
Project("{8BC9CEB8-8B4A-11D0-8D11-00A0C91BC942}") = "ms3", "ms3.vcxproj", "{2497012B-2D68-476F-8650-A60A4071A152}"
EndProject
Global
	GlobalSection(SolutionConfigurationPlatforms) = preSolution
		Debug|x64 = Debug|x64
		Debug|x86 = Debug|x86
		Release|x64 = Release|x64
		Release|x86 = Release|x86
	EndGlobalSection
	GlobalSection(ProjectConfigurationPlatforms) = postSolution
		{2497012B-2D68-476F-8650-A60A4071A152}.Debug|x64.ActiveCfg = Debug|x64
		{2497012B-2D68-476F-8650-A60A4071A152}.Debug|x64.Build.0 = Debug|x64
		{2497012B-2D68-476F-8650-A60A4071A152}.Debug|x86.ActiveCfg = Debug|Win32
		{2497012B-2D68-476F-8650-A60A4071A152}.Debug|x86.Build.0 = Debug|Win32
		{2497012B-2D68-476F-8650-A60A4071A152}.Release|x64.ActiveCfg = Release|x64
		{2497012B-2D68-476F-8650-A60A4071A152}.Release|x64.Build.0 = Release|x64
		{2497012B-2D68-476F-8650-A60A4071A152}.Release|x86.ActiveCfg = Release|Win32
		{2497012B-2D68-476F-8650-A60A4071A152}.Release|x86.Build.0 = Release|Win32
	EndGlobalSection
	GlobalSection(SolutionProperties) = preSolution
		HideSolutionNode = FALSE
	EndGlobalSection
	GlobalSection(ExtensibilityGlobals) = postSolution
		SolutionGuid = {A1CBA273-A947-496C-8856-48D606F1FFF8}
	EndGlobalSection
EndGlobal
