
Microsoft Visual Studio Solution File, Format Version 12.00
# Visual Studio Version 17
VisualStudioVersion = 17.7.34009.444
MinimumVisualStudioVersion = 10.0.40219.1
Project("{8BC9CEB8-8B4A-11D0-8D11-00A0C91BC942}") = "C++ practice", "C++ practice.vcxproj", "{28437245-1905-4050-B4B1-8C106B0EBE62}"
EndProject
Global
	GlobalSection(SolutionConfigurationPlatforms) = preSolution
		Debug|x64 = Debug|x64
		Debug|x86 = Debug|x86
		Release|x64 = Release|x64
		Release|x86 = Release|x86
	EndGlobalSection
	GlobalSection(ProjectConfigurationPlatforms) = postSolution
		{28437245-1905-4050-B4B1-8C106B0EBE62}.Debug|x64.ActiveCfg = Debug|x64
		{28437245-1905-4050-B4B1-8C106B0EBE62}.Debug|x64.Build.0 = Debug|x64
		{28437245-1905-4050-B4B1-8C106B0EBE62}.Debug|x86.ActiveCfg = Debug|Win32
		{28437245-1905-4050-B4B1-8C106B0EBE62}.Debug|x86.Build.0 = Debug|Win32
		{28437245-1905-4050-B4B1-8C106B0EBE62}.Release|x64.ActiveCfg = Release|x64
		{28437245-1905-4050-B4B1-8C106B0EBE62}.Release|x64.Build.0 = Release|x64
		{28437245-1905-4050-B4B1-8C106B0EBE62}.Release|x86.ActiveCfg = Release|Win32
		{28437245-1905-4050-B4B1-8C106B0EBE62}.Release|x86.Build.0 = Release|Win32
	EndGlobalSection
	GlobalSection(SolutionProperties) = preSolution
		HideSolutionNode = FALSE
	EndGlobalSection
	GlobalSection(ExtensibilityGlobals) = postSolution
		SolutionGuid = {0DC03B1C-9EEE-41D9-8B58-8BF489AADA92}
	EndGlobalSection
EndGlobal
